Microsoft Visual Studio Solution File, Format Version 11.00
# Visual Studio 2008

Project("{B65B7910-F4B1-8F06-6583-5D0B3A87426B}") = "AlcoHero", "Assembly-CSharp.csproj", "{8A7B7C5A-27DD-1148-4E83-48FAC1C2BBCD}"
EndProject
Global
	GlobalSection(SolutionConfigurationPlatforms) = preSolution
		Debug|Any CPU = Debug|Any CPU
		Release|Any CPU = Release|Any CPU
	EndGlobalSection
	GlobalSection(ProjectConfigurationPlatforms) = postSolution
		{8A7B7C5A-27DD-1148-4E83-48FAC1C2BBCD}.Debug|Any CPU.ActiveCfg = Debug|Any CPU
		{8A7B7C5A-27DD-1148-4E83-48FAC1C2BBCD}.Debug|Any CPU.Build.0 = Debug|Any CPU
		{8A7B7C5A-27DD-1148-4E83-48FAC1C2BBCD}.Release|Any CPU.ActiveCfg = Release|Any CPU
		{8A7B7C5A-27DD-1148-4E83-48FAC1C2BBCD}.Release|Any CPU.Build.0 = Release|Any CPU
	EndGlobalSection
	GlobalSection(SolutionProperties) = preSolution
		HideSolutionNode = FALSE
	EndGlobalSection
	GlobalSection(MonoDevelopProperties) = preSolution
		StartupItem = Assembly-CSharp.csproj
	EndGlobalSection
EndGlobal
